// !$*UTF8*$!
{
	archiveVersion = 1;
	classes = {
	};
	objectVersion = 55;
	objects = {

/* Begin PBXBuildFile section */
		3F36804A27FF3B6C00E9AD30 /* GameBackgroundSpritable + Extention.swift in Sources */ = {isa = PBXBuildFile; fileRef = 3F36804927FF3B6C00E9AD30 /* GameBackgroundSpritable + Extention.swift */; };
		3F36804E27FF780600E9AD30 /* PowerUp.swift in Sources */ = {isa = PBXBuildFile; fileRef = 3F36804D27FF780600E9AD30 /* PowerUp.swift */; };
		3F36805127FF7EB900E9AD30 /* GreenPowerUp.atlas in Resources */ = {isa = PBXBuildFile; fileRef = 3F36805027FF7EB900E9AD30 /* GreenPowerUp.atlas */; };
		3F36805527FF86DF00E9AD30 /* Enemy.swift in Sources */ = {isa = PBXBuildFile; fileRef = 3F36805427FF86DF00E9AD30 /* Enemy.swift */; };
		3F36805727FF895B00E9AD30 /* Enemy_1.atlas in Resources */ = {isa = PBXBuildFile; fileRef = 3F36805627FF895B00E9AD30 /* Enemy_1.atlas */; };
		3F4B077027FDF38000735244 /* AppDelegate.swift in Sources */ = {isa = PBXBuildFile; fileRef = 3F4B076F27FDF38000735244 /* AppDelegate.swift */; };
		3F4B077627FDF38000735244 /* GameScene.swift in Sources */ = {isa = PBXBuildFile; fileRef = 3F4B077527FDF38000735244 /* GameScene.swift */; };
		3F4B077827FDF38000735244 /* GameViewController.swift in Sources */ = {isa = PBXBuildFile; fileRef = 3F4B077727FDF38000735244 /* GameViewController.swift */; };
		3F4B077B27FDF38000735244 /* Main.storyboard in Resources */ = {isa = PBXBuildFile; fileRef = 3F4B077927FDF38000735244 /* Main.storyboard */; };
		3F4B077D27FDF38100735244 /* Assets.xcassets in Resources */ = {isa = PBXBuildFile; fileRef = 3F4B077C27FDF38100735244 /* Assets.xcassets */; };
		3F4B078027FDF38100735244 /* LaunchScreen.storyboard in Resources */ = {isa = PBXBuildFile; fileRef = 3F4B077E27FDF38100735244 /* LaunchScreen.storyboard */; };
		3F4B078727FDF71700735244 /* Background.swift in Sources */ = {isa = PBXBuildFile; fileRef = 3F4B078627FDF71700735244 /* Background.swift */; };
		3F4B078927FDF98700735244 /* Island.swift in Sources */ = {isa = PBXBuildFile; fileRef = 3F4B078827FDF98700735244 /* Island.swift */; };
		3F4B078B27FE0CD100735244 /* Cloud.swift in Sources */ = {isa = PBXBuildFile; fileRef = 3F4B078A27FE0CD100735244 /* Cloud.swift */; };
		3F4B078D27FE183E00735244 /* PlayerPlain.swift in Sources */ = {isa = PBXBuildFile; fileRef = 3F4B078C27FE183E00735244 /* PlayerPlain.swift */; };
		3F4B078F27FE18F500735244 /* PlayerPlane.atlas in Resources */ = {isa = PBXBuildFile; fileRef = 3F4B078E27FE18F500735244 /* PlayerPlane.atlas */; };
		3F4C6823280476DF00E4EFEE /* YellowAmmo.atlas in Resources */ = {isa = PBXBuildFile; fileRef = 3F4C6822280476DF00E4EFEE /* YellowAmmo.atlas */; };
		3F4C68262804777900E4EFEE /* Shot.swift in Sources */ = {isa = PBXBuildFile; fileRef = 3F4C68252804777900E4EFEE /* Shot.swift */; };
		3F4C68282804793000E4EFEE /* YellowShot.swift in Sources */ = {isa = PBXBuildFile; fileRef = 3F4C68272804793000E4EFEE /* YellowShot.swift */; };
		3F4C682A28047B9800E4EFEE /* Assets.swift in Sources */ = {isa = PBXBuildFile; fileRef = 3F4C682928047B9800E4EFEE /* Assets.swift */; };
		3F4C6834280482E000E4EFEE /* MenuScene.swift in Sources */ = {isa = PBXBuildFile; fileRef = 3F4C6833280482E000E4EFEE /* MenuScene.swift */; };
		3F4C68362804872D00E4EFEE /* BitMaskCategory.swift in Sources */ = {isa = PBXBuildFile; fileRef = 3F4C68352804872D00E4EFEE /* BitMaskCategory.swift */; };
		3FFCDA7328006BF90014EA25 /* Enemy_2.atlas in Resources */ = {isa = PBXBuildFile; fileRef = 3FFCDA7228006BF90014EA25 /* Enemy_2.atlas */; };
		3FFCDA782800897C0014EA25 /* BluePowerUp.atlas in Resources */ = {isa = PBXBuildFile; fileRef = 3FFCDA772800897C0014EA25 /* BluePowerUp.atlas */; };
		3FFCDA7A280089FE0014EA25 /* GreenPowerUp.swift in Sources */ = {isa = PBXBuildFile; fileRef = 3FFCDA79280089FE0014EA25 /* GreenPowerUp.swift */; };
		3FFCDA7C28008A0F0014EA25 /* BluePowerUp.swift in Sources */ = {isa = PBXBuildFile; fileRef = 3FFCDA7B28008A0F0014EA25 /* BluePowerUp.swift */; };
/* End PBXBuildFile section */

/* Begin PBXFileReference section */
		3F36804927FF3B6C00E9AD30 /* GameBackgroundSpritable + Extention.swift */ = {isa = PBXFileReference; lastKnownFileType = sourcecode.swift; path = "GameBackgroundSpritable + Extention.swift"; sourceTree = "<group>"; };
		3F36804D27FF780600E9AD30 /* PowerUp.swift */ = {isa = PBXFileReference; lastKnownFileType = sourcecode.swift; path = PowerUp.swift; sourceTree = "<group>"; };
		3F36805027FF7EB900E9AD30 /* GreenPowerUp.atlas */ = {isa = PBXFileReference; lastKnownFileType = folder.skatlas; path = GreenPowerUp.atlas; sourceTree = "<group>"; };
		3F36805427FF86DF00E9AD30 /* Enemy.swift */ = {isa = PBXFileReference; lastKnownFileType = sourcecode.swift; path = Enemy.swift; sourceTree = "<group>"; };
		3F36805627FF895B00E9AD30 /* Enemy_1.atlas */ = {isa = PBXFileReference; lastKnownFileType = folder.skatlas; path = Enemy_1.atlas; sourceTree = "<group>"; };
		3F4B076C27FDF38000735244 /* WarFly.app */ = {isa = PBXFileReference; explicitFileType = wrapper.application; includeInIndex = 0; path = WarFly.app; sourceTree = BUILT_PRODUCTS_DIR; };
		3F4B076F27FDF38000735244 /* AppDelegate.swift */ = {isa = PBXFileReference; lastKnownFileType = sourcecode.swift; path = AppDelegate.swift; sourceTree = "<group>"; };
		3F4B077527FDF38000735244 /* GameScene.swift */ = {isa = PBXFileReference; lastKnownFileType = sourcecode.swift; path = GameScene.swift; sourceTree = "<group>"; };
		3F4B077727FDF38000735244 /* GameViewController.swift */ = {isa = PBXFileReference; lastKnownFileType = sourcecode.swift; path = GameViewController.swift; sourceTree = "<group>"; };
		3F4B077A27FDF38000735244 /* Base */ = {isa = PBXFileReference; lastKnownFileType = file.storyboard; name = Base; path = Base.lproj/Main.storyboard; sourceTree = "<group>"; };
		3F4B077C27FDF38100735244 /* Assets.xcassets */ = {isa = PBXFileReference; lastKnownFileType = folder.assetcatalog; path = Assets.xcassets; sourceTree = "<group>"; };
		3F4B077F27FDF38100735244 /* Base */ = {isa = PBXFileReference; lastKnownFileType = file.storyboard; name = Base; path = Base.lproj/LaunchScreen.storyboard; sourceTree = "<group>"; };
		3F4B078627FDF71700735244 /* Background.swift */ = {isa = PBXFileReference; lastKnownFileType = sourcecode.swift; path = Background.swift; sourceTree = "<group>"; };
		3F4B078827FDF98700735244 /* Island.swift */ = {isa = PBXFileReference; lastKnownFileType = sourcecode.swift; path = Island.swift; sourceTree = "<group>"; };
		3F4B078A27FE0CD100735244 /* Cloud.swift */ = {isa = PBXFileReference; lastKnownFileType = sourcecode.swift; path = Cloud.swift; sourceTree = "<group>"; };
		3F4B078C27FE183E00735244 /* PlayerPlain.swift */ = {isa = PBXFileReference; lastKnownFileType = sourcecode.swift; path = PlayerPlain.swift; sourceTree = "<group>"; };
		3F4B078E27FE18F500735244 /* PlayerPlane.atlas */ = {isa = PBXFileReference; lastKnownFileType = folder.skatlas; path = PlayerPlane.atlas; sourceTree = "<group>"; };
		3F4C6822280476DF00E4EFEE /* YellowAmmo.atlas */ = {isa = PBXFileReference; lastKnownFileType = folder.skatlas; path = YellowAmmo.atlas; sourceTree = "<group>"; };
		3F4C68252804777900E4EFEE /* Shot.swift */ = {isa = PBXFileReference; lastKnownFileType = sourcecode.swift; path = Shot.swift; sourceTree = "<group>"; };
		3F4C68272804793000E4EFEE /* YellowShot.swift */ = {isa = PBXFileReference; lastKnownFileType = sourcecode.swift; path = YellowShot.swift; sourceTree = "<group>"; };
		3F4C682928047B9800E4EFEE /* Assets.swift */ = {isa = PBXFileReference; lastKnownFileType = sourcecode.swift; path = Assets.swift; sourceTree = "<group>"; };
		3F4C6833280482E000E4EFEE /* MenuScene.swift */ = {isa = PBXFileReference; lastKnownFileType = sourcecode.swift; path = MenuScene.swift; sourceTree = "<group>"; };
		3F4C68352804872D00E4EFEE /* BitMaskCategory.swift */ = {isa = PBXFileReference; lastKnownFileType = sourcecode.swift; path = BitMaskCategory.swift; sourceTree = "<group>"; };
		3FFCDA7228006BF90014EA25 /* Enemy_2.atlas */ = {isa = PBXFileReference; lastKnownFileType = folder.skatlas; path = Enemy_2.atlas; sourceTree = "<group>"; };
		3FFCDA772800897C0014EA25 /* BluePowerUp.atlas */ = {isa = PBXFileReference; lastKnownFileType = folder.skatlas; path = BluePowerUp.atlas; sourceTree = "<group>"; };
		3FFCDA79280089FE0014EA25 /* GreenPowerUp.swift */ = {isa = PBXFileReference; lastKnownFileType = sourcecode.swift; path = GreenPowerUp.swift; sourceTree = "<group>"; };
		3FFCDA7B28008A0F0014EA25 /* BluePowerUp.swift */ = {isa = PBXFileReference; lastKnownFileType = sourcecode.swift; path = BluePowerUp.swift; sourceTree = "<group>"; };
/* End PBXFileReference section */

/* Begin PBXFrameworksBuildPhase section */
		3F4B076927FDF38000735244 /* Frameworks */ = {
			isa = PBXFrameworksBuildPhase;
			buildActionMask = 2147483647;
			files = (
			);
			runOnlyForDeploymentPostprocessing = 0;
		};
/* End PBXFrameworksBuildPhase section */

/* Begin PBXGroup section */
		3F36804C27FF3B9D00E9AD30 /* Protocol + Extention */ = {
			isa = PBXGroup;
			children = (
				3F36804927FF3B6C00E9AD30 /* GameBackgroundSpritable + Extention.swift */,
			);
			path = "Protocol + Extention";
			sourceTree = "<group>";
		};
		3F4B076327FDF38000735244 = {
			isa = PBXGroup;
			children = (
				3F4B076E27FDF38000735244 /* WarFly */,
				3F4B076D27FDF38000735244 /* Products */,
			);
			sourceTree = "<group>";
		};
		3F4B076D27FDF38000735244 /* Products */ = {
			isa = PBXGroup;
			children = (
				3F4B076C27FDF38000735244 /* WarFly.app */,
			);
			name = Products;
			sourceTree = "<group>";
		};
		3F4B076E27FDF38000735244 /* WarFly */ = {
			isa = PBXGroup;
			children = (
				3F4C6833280482E000E4EFEE /* MenuScene.swift */,
				3F4C68312804809700E4EFEE /* Application */,
				3F4C682B28047FA400E4EFEE /* PowerUp */,
				3F4C682E2804801000E4EFEE /* Enemy */,
				3F4B077527FDF38000735244 /* GameScene.swift */,
				3F4C68302804807800E4EFEE /* ViewController */,
				3F4C682C28047FC500E4EFEE /* Shot */,
				3F4C682D28047FE300E4EFEE /* Island&Cloud */,
				3F36804C27FF3B9D00E9AD30 /* Protocol + Extention */,
				3F4C6832280480B300E4EFEE /* Background */,
				3F4C682F2804803600E4EFEE /* PlayerPlain */,
				3F4B077927FDF38000735244 /* Main.storyboard */,
				3F4B077C27FDF38100735244 /* Assets.xcassets */,
				3F4B077E27FDF38100735244 /* LaunchScreen.storyboard */,
				3F4C68242804772B00E4EFEE /* Atlas */,
			);
			path = WarFly;
			sourceTree = "<group>";
		};
		3F4C68242804772B00E4EFEE /* Atlas */ = {
			isa = PBXGroup;
			children = (
				3F4B078E27FE18F500735244 /* PlayerPlane.atlas */,
				3F36805027FF7EB900E9AD30 /* GreenPowerUp.atlas */,
				3FFCDA772800897C0014EA25 /* BluePowerUp.atlas */,
				3F36805627FF895B00E9AD30 /* Enemy_1.atlas */,
				3FFCDA7228006BF90014EA25 /* Enemy_2.atlas */,
				3F4C6822280476DF00E4EFEE /* YellowAmmo.atlas */,
			);
			path = Atlas;
			sourceTree = "<group>";
		};
		3F4C682B28047FA400E4EFEE /* PowerUp */ = {
			isa = PBXGroup;
			children = (
				3FFCDA79280089FE0014EA25 /* GreenPowerUp.swift */,
				3FFCDA7B28008A0F0014EA25 /* BluePowerUp.swift */,
				3F36804D27FF780600E9AD30 /* PowerUp.swift */,
			);
			path = PowerUp;
			sourceTree = "<group>";
		};
		3F4C682C28047FC500E4EFEE /* Shot */ = {
			isa = PBXGroup;
			children = (
				3F4C68252804777900E4EFEE /* Shot.swift */,
				3F4C68272804793000E4EFEE /* YellowShot.swift */,
			);
			path = Shot;
			sourceTree = "<group>";
		};
		3F4C682D28047FE300E4EFEE /* Island&Cloud */ = {
			isa = PBXGroup;
			children = (
				3F4B078827FDF98700735244 /* Island.swift */,
				3F4B078A27FE0CD100735244 /* Cloud.swift */,
			);
			path = "Island&Cloud";
			sourceTree = "<group>";
		};
		3F4C682E2804801000E4EFEE /* Enemy */ = {
			isa = PBXGroup;
			children = (
				3F36805427FF86DF00E9AD30 /* Enemy.swift */,
			);
			path = Enemy;
			sourceTree = "<group>";
		};
		3F4C682F2804803600E4EFEE /* PlayerPlain */ = {
			isa = PBXGroup;
			children = (
				3F4B078C27FE183E00735244 /* PlayerPlain.swift */,
			);
			path = PlayerPlain;
			sourceTree = "<group>";
		};
		3F4C68302804807800E4EFEE /* ViewController */ = {
			isa = PBXGroup;
			children = (
				3F4B077727FDF38000735244 /* GameViewController.swift */,
				3F4C68352804872D00E4EFEE /* BitMaskCategory.swift */,
			);
			path = ViewController;
			sourceTree = "<group>";
		};
		3F4C68312804809700E4EFEE /* Application */ = {
			isa = PBXGroup;
			children = (
				3F4B076F27FDF38000735244 /* AppDelegate.swift */,
				3F4C682928047B9800E4EFEE /* Assets.swift */,
			);
			path = Application;
			sourceTree = "<group>";
		};
		3F4C6832280480B300E4EFEE /* Background */ = {
			isa = PBXGroup;
			children = (
				3F4B078627FDF71700735244 /* Background.swift */,
			);
			path = Background;
			sourceTree = "<group>";
		};
/* End PBXGroup section */

/* Begin PBXNativeTarget section */
		3F4B076B27FDF38000735244 /* WarFly */ = {
			isa = PBXNativeTarget;
			buildConfigurationList = 3F4B078327FDF38100735244 /* Build configuration list for PBXNativeTarget "WarFly" */;
			buildPhases = (
				3F4B076827FDF38000735244 /* Sources */,
				3F4B076927FDF38000735244 /* Frameworks */,
				3F4B076A27FDF38000735244 /* Resources */,
			);
			buildRules = (
			);
			dependencies = (
			);
			name = WarFly;
			productName = WarFly;
			productReference = 3F4B076C27FDF38000735244 /* WarFly.app */;
			productType = "com.apple.product-type.application";
		};
/* End PBXNativeTarget section */

/* Begin PBXProject section */
		3F4B076427FDF38000735244 /* Project object */ = {
			isa = PBXProject;
			attributes = {
				BuildIndependentTargetsInParallel = 1;
				LastSwiftUpdateCheck = 1300;
				LastUpgradeCheck = 1300;
				TargetAttributes = {
					3F4B076B27FDF38000735244 = {
						CreatedOnToolsVersion = 13.0;
					};
				};
			};
			buildConfigurationList = 3F4B076727FDF38000735244 /* Build configuration list for PBXProject "WarFly" */;
			compatibilityVersion = "Xcode 13.0";
			developmentRegion = en;
			hasScannedForEncodings = 0;
			knownRegions = (
				en,
				Base,
			);
			mainGroup = 3F4B076327FDF38000735244;
			productRefGroup = 3F4B076D27FDF38000735244 /* Products */;
			projectDirPath = "";
			projectRoot = "";
			targets = (
				3F4B076B27FDF38000735244 /* WarFly */,
			);
		};
/* End PBXProject section */

/* Begin PBXResourcesBuildPhase section */
		3F4B076A27FDF38000735244 /* Resources */ = {
			isa = PBXResourcesBuildPhase;
			buildActionMask = 2147483647;
			files = (
				3FFCDA7328006BF90014EA25 /* Enemy_2.atlas in Resources */,
				3F36805727FF895B00E9AD30 /* Enemy_1.atlas in Resources */,
				3F4B077B27FDF38000735244 /* Main.storyboard in Resources */,
				3F4C6823280476DF00E4EFEE /* YellowAmmo.atlas in Resources */,
				3F36805127FF7EB900E9AD30 /* GreenPowerUp.atlas in Resources */,
				3F4B078F27FE18F500735244 /* PlayerPlane.atlas in Resources */,
				3F4B077D27FDF38100735244 /* Assets.xcassets in Resources */,
				3FFCDA782800897C0014EA25 /* BluePowerUp.atlas in Resources */,
				3F4B078027FDF38100735244 /* LaunchScreen.storyboard in Resources */,
			);
			runOnlyForDeploymentPostprocessing = 0;
		};
/* End PBXResourcesBuildPhase section */

/* Begin PBXSourcesBuildPhase section */
		3F4B076827FDF38000735244 /* Sources */ = {
			isa = PBXSourcesBuildPhase;
			buildActionMask = 2147483647;
			files = (
				3F4B078D27FE183E00735244 /* PlayerPlain.swift in Sources */,
				3F4C68282804793000E4EFEE /* YellowShot.swift in Sources */,
				3F4B077627FDF38000735244 /* GameScene.swift in Sources */,
				3F4B078B27FE0CD100735244 /* Cloud.swift in Sources */,
				3F4B077827FDF38000735244 /* GameViewController.swift in Sources */,
				3FFCDA7A280089FE0014EA25 /* GreenPowerUp.swift in Sources */,
				3F4B077027FDF38000735244 /* AppDelegate.swift in Sources */,
				3F36804A27FF3B6C00E9AD30 /* GameBackgroundSpritable + Extention.swift in Sources */,
				3F4C682A28047B9800E4EFEE /* Assets.swift in Sources */,
				3F36805527FF86DF00E9AD30 /* Enemy.swift in Sources */,
				3F4B078927FDF98700735244 /* Island.swift in Sources */,
				3F36804E27FF780600E9AD30 /* PowerUp.swift in Sources */,
				3FFCDA7C28008A0F0014EA25 /* BluePowerUp.swift in Sources */,
				3F4C68362804872D00E4EFEE /* BitMaskCategory.swift in Sources */,
				3F4C6834280482E000E4EFEE /* MenuScene.swift in Sources */,
				3F4C68262804777900E4EFEE /* Shot.swift in Sources */,
				3F4B078727FDF71700735244 /* Background.swift in Sources */,
			);
			runOnlyForDeploymentPostprocessing = 0;
		};
/* End PBXSourcesBuildPhase section */

/* Begin PBXVariantGroup section */
		3F4B077927FDF38000735244 /* Main.storyboard */ = {
			isa = PBXVariantGroup;
			children = (
				3F4B077A27FDF38000735244 /* Base */,
			);
			name = Main.storyboard;
			sourceTree = "<group>";
		};
		3F4B077E27FDF38100735244 /* LaunchScreen.storyboard */ = {
			isa = PBXVariantGroup;
			children = (
				3F4B077F27FDF38100735244 /* Base */,
			);
			name = LaunchScreen.storyboard;
			sourceTree = "<group>";
		};
/* End PBXVariantGroup section */

/* Begin XCBuildConfiguration section */
		3F4B078127FDF38100735244 /* Debug */ = {
			isa = XCBuildConfiguration;
			buildSettings = {
				ALWAYS_SEARCH_USER_PATHS = NO;
				CLANG_ANALYZER_NONNULL = YES;
				CLANG_ANALYZER_NUMBER_OBJECT_CONVERSION = YES_AGGRESSIVE;
				CLANG_CXX_LANGUAGE_STANDARD = "gnu++17";
				CLANG_CXX_LIBRARY = "libc++";
				CLANG_ENABLE_MODULES = YES;
				CLANG_ENABLE_OBJC_ARC = YES;
				CLANG_ENABLE_OBJC_WEAK = YES;
				CLANG_WARN_BLOCK_CAPTURE_AUTORELEASING = YES;
				CLANG_WARN_BOOL_CONVERSION = YES;
				CLANG_WARN_COMMA = YES;
				CLANG_WARN_CONSTANT_CONVERSION = YES;
				CLANG_WARN_DEPRECATED_OBJC_IMPLEMENTATIONS = YES;
				CLANG_WARN_DIRECT_OBJC_ISA_USAGE = YES_ERROR;
				CLANG_WARN_DOCUMENTATION_COMMENTS = YES;
				CLANG_WARN_EMPTY_BODY = YES;
				CLANG_WARN_ENUM_CONVERSION = YES;
				CLANG_WARN_INFINITE_RECURSION = YES;
				CLANG_WARN_INT_CONVERSION = YES;
				CLANG_WARN_NON_LITERAL_NULL_CONVERSION = YES;
				CLANG_WARN_OBJC_IMPLICIT_RETAIN_SELF = YES;
				CLANG_WARN_OBJC_LITERAL_CONVERSION = YES;
				CLANG_WARN_OBJC_ROOT_CLASS = YES_ERROR;
				CLANG_WARN_QUOTED_INCLUDE_IN_FRAMEWORK_HEADER = YES;
				CLANG_WARN_RANGE_LOOP_ANALYSIS = YES;
				CLANG_WARN_STRICT_PROTOTYPES = YES;
				CLANG_WARN_SUSPICIOUS_MOVE = YES;
				CLANG_WARN_UNGUARDED_AVAILABILITY = YES_AGGRESSIVE;
				CLANG_WARN_UNREACHABLE_CODE = YES;
				CLANG_WARN__DUPLICATE_METHOD_MATCH = YES;
				COPY_PHASE_STRIP = NO;
				DEBUG_INFORMATION_FORMAT = dwarf;
				ENABLE_STRICT_OBJC_MSGSEND = YES;
				ENABLE_TESTABILITY = YES;
				GCC_C_LANGUAGE_STANDARD = gnu11;
				GCC_DYNAMIC_NO_PIC = NO;
				GCC_NO_COMMON_BLOCKS = YES;
				GCC_OPTIMIZATION_LEVEL = 0;
				GCC_PREPROCESSOR_DEFINITIONS = (
					"DEBUG=1",
					"$(inherited)",
				);
				GCC_WARN_64_TO_32_BIT_CONVERSION = YES;
				GCC_WARN_ABOUT_RETURN_TYPE = YES_ERROR;
				GCC_WARN_UNDECLARED_SELECTOR = YES;
				GCC_WARN_UNINITIALIZED_AUTOS = YES_AGGRESSIVE;
				GCC_WARN_UNUSED_FUNCTION = YES;
				GCC_WARN_UNUSED_VARIABLE = YES;
				IPHONEOS_DEPLOYMENT_TARGET = 15.0;
				MTL_ENABLE_DEBUG_INFO = INCLUDE_SOURCE;
				MTL_FAST_MATH = YES;
				ONLY_ACTIVE_ARCH = YES;
				SDKROOT = iphoneos;
				SWIFT_ACTIVE_COMPILATION_CONDITIONS = DEBUG;
				SWIFT_OPTIMIZATION_LEVEL = "-Onone";
			};
			name = Debug;
		};
		3F4B078227FDF38100735244 /* Release */ = {
			isa = XCBuildConfiguration;
			buildSettings = {
				ALWAYS_SEARCH_USER_PATHS = NO;
				CLANG_ANALYZER_NONNULL = YES;
				CLANG_ANALYZER_NUMBER_OBJECT_CONVERSION = YES_AGGRESSIVE;
				CLANG_CXX_LANGUAGE_STANDARD = "gnu++17";
				CLANG_CXX_LIBRARY = "libc++";
				CLANG_ENABLE_MODULES = YES;
				CLANG_ENABLE_OBJC_ARC = YES;
				CLANG_ENABLE_OBJC_WEAK = YES;
				CLANG_WARN_BLOCK_CAPTURE_AUTORELEASING = YES;
				CLANG_WARN_BOOL_CONVERSION = YES;
				CLANG_WARN_COMMA = YES;
				CLANG_WARN_CONSTANT_CONVERSION = YES;
				CLANG_WARN_DEPRECATED_OBJC_IMPLEMENTATIONS = YES;
				CLANG_WARN_DIRECT_OBJC_ISA_USAGE = YES_ERROR;
				CLANG_WARN_DOCUMENTATION_COMMENTS = YES;
				CLANG_WARN_EMPTY_BODY = YES;
				CLANG_WARN_ENUM_CONVERSION = YES;
				CLANG_WARN_INFINITE_RECURSION = YES;
				CLANG_WARN_INT_CONVERSION = YES;
				CLANG_WARN_NON_LITERAL_NULL_CONVERSION = YES;
				CLANG_WARN_OBJC_IMPLICIT_RETAIN_SELF = YES;
				CLANG_WARN_OBJC_LITERAL_CONVERSION = YES;
				CLANG_WARN_OBJC_ROOT_CLASS = YES_ERROR;
				CLANG_WARN_QUOTED_INCLUDE_IN_FRAMEWORK_HEADER = YES;
				CLANG_WARN_RANGE_LOOP_ANALYSIS = YES;
				CLANG_WARN_STRICT_PROTOTYPES = YES;
				CLANG_WARN_SUSPICIOUS_MOVE = YES;
				CLANG_WARN_UNGUARDED_AVAILABILITY = YES_AGGRESSIVE;
				CLANG_WARN_UNREACHABLE_CODE = YES;
				CLANG_WARN__DUPLICATE_METHOD_MATCH = YES;
				COPY_PHASE_STRIP = NO;
				DEBUG_INFORMATION_FORMAT = "dwarf-with-dsym";
				ENABLE_NS_ASSERTIONS = NO;
				ENABLE_STRICT_OBJC_MSGSEND = YES;
				GCC_C_LANGUAGE_STANDARD = gnu11;
				GCC_NO_COMMON_BLOCKS = YES;
				GCC_WARN_64_TO_32_BIT_CONVERSION = YES;
				GCC_WARN_ABOUT_RETURN_TYPE = YES_ERROR;
				GCC_WARN_UNDECLARED_SELECTOR = YES;
				GCC_WARN_UNINITIALIZED_AUTOS = YES_AGGRESSIVE;
				GCC_WARN_UNUSED_FUNCTION = YES;
				GCC_WARN_UNUSED_VARIABLE = YES;
				IPHONEOS_DEPLOYMENT_TARGET = 15.0;
				MTL_ENABLE_DEBUG_INFO = NO;
				MTL_FAST_MATH = YES;
				SDKROOT = iphoneos;
				SWIFT_COMPILATION_MODE = wholemodule;
				SWIFT_OPTIMIZATION_LEVEL = "-O";
				VALIDATE_PRODUCT = YES;
			};
			name = Release;
		};
		3F4B078427FDF38100735244 /* Debug */ = {
			isa = XCBuildConfiguration;
			buildSettings = {
				ASSETCATALOG_COMPILER_APPICON_NAME = AppIcon;
				ASSETCATALOG_COMPILER_GLOBAL_ACCENT_COLOR_NAME = AccentColor;
				CODE_SIGN_STYLE = Automatic;
				CURRENT_PROJECT_VERSION = 1;
				DEVELOPMENT_TEAM = T7FVMHHXDH;
				GENERATE_INFOPLIST_FILE = YES;
				INFOPLIST_KEY_UIApplicationSupportsIndirectInputEvents = YES;
				INFOPLIST_KEY_UILaunchStoryboardName = LaunchScreen;
				INFOPLIST_KEY_UIMainStoryboardFile = Main;
				INFOPLIST_KEY_UIStatusBarHidden = YES;
				INFOPLIST_KEY_UISupportedInterfaceOrientations = "UIInterfaceOrientationPortrait UIInterfaceOrientationPortraitUpsideDown";
				INFOPLIST_KEY_UISupportedInterfaceOrientations_iPad = "UIInterfaceOrientationPortrait UIInterfaceOrientationPortraitUpsideDown UIInterfaceOrientationLandscapeLeft UIInterfaceOrientationLandscapeRight";
				INFOPLIST_KEY_UISupportedInterfaceOrientations_iPhone = "UIInterfaceOrientationPortrait UIInterfaceOrientationLandscapeLeft UIInterfaceOrientationLandscapeRight";
				IPHONEOS_DEPLOYMENT_TARGET = 14.0;
				LD_RUNPATH_SEARCH_PATHS = (
					"$(inherited)",
					"@executable_path/Frameworks",
				);
				MARKETING_VERSION = 1.0;
				PRODUCT_BUNDLE_IDENTIFIER = ru.swixStarkovSwift.WarFly;
				PRODUCT_NAME = "$(TARGET_NAME)";
				SWIFT_EMIT_LOC_STRINGS = YES;
				SWIFT_VERSION = 5.0;
				TARGETED_DEVICE_FAMILY = 1;
			};
			name = Debug;
		};
		3F4B078527FDF38100735244 /* Release */ = {
			isa = XCBuildConfiguration;
			buildSettings = {
				ASSETCATALOG_COMPILER_APPICON_NAME = AppIcon;
				ASSETCATALOG_COMPILER_GLOBAL_ACCENT_COLOR_NAME = AccentColor;
				CODE_SIGN_STYLE = Automatic;
				CURRENT_PROJECT_VERSION = 1;
				DEVELOPMENT_TEAM = T7FVMHHXDH;
				GENERATE_INFOPLIST_FILE = YES;
				INFOPLIST_KEY_UIApplicationSupportsIndirectInputEvents = YES;
				INFOPLIST_KEY_UILaunchStoryboardName = LaunchScreen;
				INFOPLIST_KEY_UIMainStoryboardFile = Main;
				INFOPLIST_KEY_UIStatusBarHidden = YES;
				INFOPLIST_KEY_UISupportedInterfaceOrientations = "UIInterfaceOrientationPortrait UIInterfaceOrientationPortraitUpsideDown";
				INFOPLIST_KEY_UISupportedInterfaceOrientations_iPad = "UIInterfaceOrientationPortrait UIInterfaceOrientationPortraitUpsideDown UIInterfaceOrientationLandscapeLeft UIInterfaceOrientationLandscapeRight";
				INFOPLIST_KEY_UISupportedInterfaceOrientations_iPhone = "UIInterfaceOrientationPortrait UIInterfaceOrientationLandscapeLeft UIInterfaceOrientationLandscapeRight";
				IPHONEOS_DEPLOYMENT_TARGET = 14.0;
				LD_RUNPATH_SEARCH_PATHS = (
					"$(inherited)",
					"@executable_path/Frameworks",
				);
				MARKETING_VERSION = 1.0;
				PRODUCT_BUNDLE_IDENTIFIER = ru.swixStarkovSwift.WarFly;
				PRODUCT_NAME = "$(TARGET_NAME)";
				SWIFT_EMIT_LOC_STRINGS = YES;
				SWIFT_VERSION = 5.0;
				TARGETED_DEVICE_FAMILY = 1;
			};
			name = Release;
		};
/* End XCBuildConfiguration section */

/* Begin XCConfigurationList section */
		3F4B076727FDF38000735244 /* Build configuration list for PBXProject "WarFly" */ = {
			isa = XCConfigurationList;
			buildConfigurations = (
				3F4B078127FDF38100735244 /* Debug */,
				3F4B078227FDF38100735244 /* Release */,
			);
			defaultConfigurationIsVisible = 0;
			defaultConfigurationName = Release;
		};
		3F4B078327FDF38100735244 /* Build configuration list for PBXNativeTarget "WarFly" */ = {
			isa = XCConfigurationList;
			buildConfigurations = (
				3F4B078427FDF38100735244 /* Debug */,
				3F4B078527FDF38100735244 /* Release */,
			);
			defaultConfigurationIsVisible = 0;
			defaultConfigurationName = Release;
		};
/* End XCConfigurationList section */
	};
	rootObject = 3F4B076427FDF38000735244 /* Project object */;
}
